lockfileVersion: '6.0'

settings:
  autoInstallPeers: true
  excludeLinksFromLockfile: false

dependencies:
  pnpm:
    specifier: ^10.7.0
    version: 10.7.0

packages:

  /pnpm@10.7.0:
    resolution: {integrity: sha512-a4Za1LYqHZhCth1nSjk5A7hx2SRJVPZSuIQsK1U8chdrJ49kxGPlLUD/+KujhcI1yMns9cx95P14uLttSWM6tg==}
    engines: {node: '>=18.12'}
    hasBin: true
    dev: false
